// !$*UTF8*$!
{
	archiveVersion = 1;
	classes = {
	};
	objectVersion = 50;
	objects = {

/* Begin PBXBuildFile section */
		BE3EE66C240D7E4000E19082 /* zad1.cpp in Sources */ = {isa = PBXBuildFile; fileRef = BE3EE66B240D7E4000E19082 /* zad1.cpp */; };
		BE3EE66E240D7E5F00E19082 /* zrodladozad1.cpp in Sources */ = {isa = PBXBuildFile; fileRef = BE3EE66D240D7E5F00E19082 /* zrodladozad1.cpp */; };
		BE3EE670240D7F4000E19082 /* zad2.cpp in Sources */ = {isa = PBXBuildFile; fileRef = BE3EE66F240D7F4000E19082 /* zad2.cpp */; };
		BE3EE675240D7FC500E19082 /* zad3.cpp in Sources */ = {isa = PBXBuildFile; fileRef = BE3EE674240D7FC500E19082 /* zad3.cpp */; };
		BE3EE677240D802F00E19082 /* zad4.cpp in Sources */ = {isa = PBXBuildFile; fileRef = BE3EE676240D802F00E19082 /* zad4.cpp */; };
/* End PBXBuildFile section */

/* Begin PBXCopyFilesBuildPhase section */
		BE3EE65F240D7DD900E19082 /* CopyFiles */ = {
			isa = PBXCopyFilesBuildPhase;
			buildActionMask = 2147483647;
			dstPath = /usr/share/man/man1/;
			dstSubfolderSpec = 0;
			files = (
			);
			runOnlyForDeploymentPostprocessing = 1;
		};
/* End PBXCopyFilesBuildPhase section */

/* Begin PBXFileReference section */
		BE3EE661240D7DD900E19082 /* RTTI */ = {isa = PBXFileReference; explicitFileType = "compiled.mach-o.executable"; includeInIndex = 0; path = RTTI; sourceTree = BUILT_PRODUCTS_DIR; };
		BE3EE66B240D7E4000E19082 /* zad1.cpp */ = {isa = PBXFileReference; lastKnownFileType = sourcecode.cpp.cpp; path = zad1.cpp; sourceTree = "<group>"; };
		BE3EE66D240D7E5F00E19082 /* zrodladozad1.cpp */ = {isa = PBXFileReference; lastKnownFileType = sourcecode.cpp.cpp; path = zrodladozad1.cpp; sourceTree = "<group>"; };
		BE3EE66F240D7F4000E19082 /* zad2.cpp */ = {isa = PBXFileReference; lastKnownFileType = sourcecode.cpp.cpp; path = zad2.cpp; sourceTree = "<group>"; };
		BE3EE674240D7FC500E19082 /* zad3.cpp */ = {isa = PBXFileReference; lastKnownFileType = sourcecode.cpp.cpp; path = zad3.cpp; sourceTree = "<group>"; };
		BE3EE676240D802F00E19082 /* zad4.cpp */ = {isa = PBXFileReference; lastKnownFileType = sourcecode.cpp.cpp; path = zad4.cpp; sourceTree = "<group>"; };
/* End PBXFileReference section */

/* Begin PBXFrameworksBuildPhase section */
		BE3EE65E240D7DD900E19082 /* Frameworks */ = {
			isa = PBXFrameworksBuildPhase;
			buildActionMask = 2147483647;
			files = (
			);
			runOnlyForDeploymentPostprocessing = 0;
		};
/* End PBXFrameworksBuildPhase section */

/* Begin PBXGroup section */
		BE3EE658240D7DD900E19082 = {
			isa = PBXGroup;
			children = (
				BE3EE663240D7DD900E19082 /* RTTI */,
				BE3EE662240D7DD900E19082 /* Products */,
			);
			sourceTree = "<group>";
		};
		BE3EE662240D7DD900E19082 /* Products */ = {
			isa = PBXGroup;
			children = (
				BE3EE661240D7DD900E19082 /* RTTI */,
			);
			name = Products;
			sourceTree = "<group>";
		};
		BE3EE663240D7DD900E19082 /* RTTI */ = {
			isa = PBXGroup;
			children = (
				BE3EE66B240D7E4000E19082 /* zad1.cpp */,
				BE3EE66D240D7E5F00E19082 /* zrodladozad1.cpp */,
				BE3EE66F240D7F4000E19082 /* zad2.cpp */,
				BE3EE674240D7FC500E19082 /* zad3.cpp */,
				BE3EE676240D802F00E19082 /* zad4.cpp */,
			);
			path = RTTI;
			sourceTree = "<group>";
		};
/* End PBXGroup section */

/* Begin PBXNativeTarget section */
		BE3EE660240D7DD900E19082 /* RTTI */ = {
			isa = PBXNativeTarget;
			buildConfigurationList = BE3EE668240D7DD900E19082 /* Build configuration list for PBXNativeTarget "RTTI" */;
			buildPhases = (
				BE3EE65D240D7DD900E19082 /* Sources */,
				BE3EE65E240D7DD900E19082 /* Frameworks */,
				BE3EE65F240D7DD900E19082 /* CopyFiles */,
			);
			buildRules = (
			);
			dependencies = (
			);
			name = RTTI;
			productName = RTTI;
			productReference = BE3EE661240D7DD900E19082 /* RTTI */;
			productType = "com.apple.product-type.tool";
		};
/* End PBXNativeTarget section */

/* Begin PBXProject section */
		BE3EE659240D7DD900E19082 /* Project object */ = {
			isa = PBXProject;
			attributes = {
				LastUpgradeCheck = 1010;
				ORGANIZATIONNAME = "Jagoda Chmielewska";
				TargetAttributes = {
					BE3EE660240D7DD900E19082 = {
						CreatedOnToolsVersion = 10.1;
					};
				};
			};
			buildConfigurationList = BE3EE65C240D7DD900E19082 /* Build configuration list for PBXProject "RTTI" */;
			compatibilityVersion = "Xcode 9.3";
			developmentRegion = en;
			hasScannedForEncodings = 0;
			knownRegions = (
				en,
			);
			mainGroup = BE3EE658240D7DD900E19082;
			productRefGroup = BE3EE662240D7DD900E19082 /* Products */;
			projectDirPath = "";
			projectRoot = "";
			targets = (
				BE3EE660240D7DD900E19082 /* RTTI */,
			);
		};
/* End PBXProject section */

/* Begin PBXSourcesBuildPhase section */
		BE3EE65D240D7DD900E19082 /* Sources */ = {
			isa = PBXSourcesBuildPhase;
			buildActionMask = 2147483647;
			files = (
				BE3EE66E240D7E5F00E19082 /* zrodladozad1.cpp in Sources */,
				BE3EE66C240D7E4000E19082 /* zad1.cpp in Sources */,
				BE3EE670240D7F4000E19082 /* zad2.cpp in Sources */,
				BE3EE677240D802F00E19082 /* zad4.cpp in Sources */,
				BE3EE675240D7FC500E19082 /* zad3.cpp in Sources */,
			);
			runOnlyForDeploymentPostprocessing = 0;
		};
/* End PBXSourcesBuildPhase section */

/* Begin XCBuildConfiguration section */
		BE3EE666240D7DD900E19082 /* Debug */ = {
			isa = XCBuildConfiguration;
			buildSettings = {
				ALWAYS_SEARCH_USER_PATHS = NO;
				CLANG_ANALYZER_NONNULL = YES;
				CLANG_ANALYZER_NUMBER_OBJECT_CONVERSION = YES_AGGRESSIVE;
				CLANG_CXX_LANGUAGE_STANDARD = "gnu++14";
				CLANG_CXX_LIBRARY = "libc++";
				CLANG_ENABLE_MODULES = YES;
				CLANG_ENABLE_OBJC_ARC = YES;
				CLANG_ENABLE_OBJC_WEAK = YES;
				CLANG_WARN_BLOCK_CAPTURE_AUTORELEASING = YES;
				CLANG_WARN_BOOL_CONVERSION = YES;
				CLANG_WARN_COMMA = YES;
				CLANG_WARN_CONSTANT_CONVERSION = YES;
				CLANG_WARN_DEPRECATED_OBJC_IMPLEMENTATIONS = YES;
				CLANG_WARN_DIRECT_OBJC_ISA_USAGE = YES_ERROR;
				CLANG_WARN_DOCUMENTATION_COMMENTS = YES;
				CLANG_WARN_EMPTY_BODY = YES;
				CLANG_WARN_ENUM_CONVERSION = YES;
				CLANG_WARN_INFINITE_RECURSION = YES;
				CLANG_WARN_INT_CONVERSION = YES;
				CLANG_WARN_NON_LITERAL_NULL_CONVERSION = YES;
				CLANG_WARN_OBJC_IMPLICIT_RETAIN_SELF = YES;
				CLANG_WARN_OBJC_LITERAL_CONVERSION = YES;
				CLANG_WARN_OBJC_ROOT_CLASS = YES_ERROR;
				CLANG_WARN_RANGE_LOOP_ANALYSIS = YES;
				CLANG_WARN_STRICT_PROTOTYPES = YES;
				CLANG_WARN_SUSPICIOUS_MOVE = YES;
				CLANG_WARN_UNGUARDED_AVAILABILITY = YES_AGGRESSIVE;
				CLANG_WARN_UNREACHABLE_CODE = YES;
				CLANG_WARN__DUPLICATE_METHOD_MATCH = YES;
				CODE_SIGN_IDENTITY = "-";
				COPY_PHASE_STRIP = NO;
				DEBUG_INFORMATION_FORMAT = dwarf;
				ENABLE_STRICT_OBJC_MSGSEND = YES;
				ENABLE_TESTABILITY = YES;
				GCC_C_LANGUAGE_STANDARD = gnu11;
				GCC_DYNAMIC_NO_PIC = NO;
				GCC_NO_COMMON_BLOCKS = YES;
				GCC_OPTIMIZATION_LEVEL = 0;
				GCC_PREPROCESSOR_DEFINITIONS = (
					"DEBUG=1",
					"$(inherited)",
				);
				GCC_WARN_64_TO_32_BIT_CONVERSION = YES;
				GCC_WARN_ABOUT_RETURN_TYPE = YES_ERROR;
				GCC_WARN_UNDECLARED_SELECTOR = YES;
				GCC_WARN_UNINITIALIZED_AUTOS = YES_AGGRESSIVE;
				GCC_WARN_UNUSED_FUNCTION = YES;
				GCC_WARN_UNUSED_VARIABLE = YES;
				MACOSX_DEPLOYMENT_TARGET = 10.14;
				MTL_ENABLE_DEBUG_INFO = INCLUDE_SOURCE;
				MTL_FAST_MATH = YES;
				ONLY_ACTIVE_ARCH = YES;
				SDKROOT = macosx;
			};
			name = Debug;
		};
		BE3EE667240D7DD900E19082 /* Release */ = {
			isa = XCBuildConfiguration;
			buildSettings = {
				ALWAYS_SEARCH_USER_PATHS = NO;
				CLANG_ANALYZER_NONNULL = YES;
				CLANG_ANALYZER_NUMBER_OBJECT_CONVERSION = YES_AGGRESSIVE;
				CLANG_CXX_LANGUAGE_STANDARD = "gnu++14";
				CLANG_CXX_LIBRARY = "libc++";
				CLANG_ENABLE_MODULES = YES;
				CLANG_ENABLE_OBJC_ARC = YES;
				CLANG_ENABLE_OBJC_WEAK = YES;
				CLANG_WARN_BLOCK_CAPTURE_AUTORELEASING = YES;
				CLANG_WARN_BOOL_CONVERSION = YES;
				CLANG_WARN_COMMA = YES;
				CLANG_WARN_CONSTANT_CONVERSION = YES;
				CLANG_WARN_DEPRECATED_OBJC_IMPLEMENTATIONS = YES;
				CLANG_WARN_DIRECT_OBJC_ISA_USAGE = YES_ERROR;
				CLANG_WARN_DOCUMENTATION_COMMENTS = YES;
				CLANG_WARN_EMPTY_BODY = YES;
				CLANG_WARN_ENUM_CONVERSION = YES;
				CLANG_WARN_INFINITE_RECURSION = YES;
				CLANG_WARN_INT_CONVERSION = YES;
				CLANG_WARN_NON_LITERAL_NULL_CONVERSION = YES;
				CLANG_WARN_OBJC_IMPLICIT_RETAIN_SELF = YES;
				CLANG_WARN_OBJC_LITERAL_CONVERSION = YES;
				CLANG_WARN_OBJC_ROOT_CLASS = YES_ERROR;
				CLANG_WARN_RANGE_LOOP_ANALYSIS = YES;
				CLANG_WARN_STRICT_PROTOTYPES = YES;
				CLANG_WARN_SUSPICIOUS_MOVE = YES;
				CLANG_WARN_UNGUARDED_AVAILABILITY = YES_AGGRESSIVE;
				CLANG_WARN_UNREACHABLE_CODE = YES;
				CLANG_WARN__DUPLICATE_METHOD_MATCH = YES;
				CODE_SIGN_IDENTITY = "-";
				COPY_PHASE_STRIP = NO;
				DEBUG_INFORMATION_FORMAT = "dwarf-with-dsym";
				ENABLE_NS_ASSERTIONS = NO;
				ENABLE_STRICT_OBJC_MSGSEND = YES;
				GCC_C_LANGUAGE_STANDARD = gnu11;
				GCC_NO_COMMON_BLOCKS = YES;
				GCC_WARN_64_TO_32_BIT_CONVERSION = YES;
				GCC_WARN_ABOUT_RETURN_TYPE = YES_ERROR;
				GCC_WARN_UNDECLARED_SELECTOR = YES;
				GCC_WARN_UNINITIALIZED_AUTOS = YES_AGGRESSIVE;
				GCC_WARN_UNUSED_FUNCTION = YES;
				GCC_WARN_UNUSED_VARIABLE = YES;
				MACOSX_DEPLOYMENT_TARGET = 10.14;
				MTL_ENABLE_DEBUG_INFO = NO;
				MTL_FAST_MATH = YES;
				SDKROOT = macosx;
			};
			name = Release;
		};
		BE3EE669240D7DD900E19082 /* Debug */ = {
			isa = XCBuildConfiguration;
			buildSettings = {
				CODE_SIGN_STYLE = Automatic;
				PRODUCT_NAME = "$(TARGET_NAME)";
			};
			name = Debug;
		};
		BE3EE66A240D7DD900E19082 /* Release */ = {
			isa = XCBuildConfiguration;
			buildSettings = {
				CODE_SIGN_STYLE = Automatic;
				PRODUCT_NAME = "$(TARGET_NAME)";
			};
			name = Release;
		};
/* End XCBuildConfiguration section */

/* Begin XCConfigurationList section */
		BE3EE65C240D7DD900E19082 /* Build configuration list for PBXProject "RTTI" */ = {
			isa = XCConfigurationList;
			buildConfigurations = (
				BE3EE666240D7DD900E19082 /* Debug */,
				BE3EE667240D7DD900E19082 /* Release */,
			);
			defaultConfigurationIsVisible = 0;
			defaultConfigurationName = Release;
		};
		BE3EE668240D7DD900E19082 /* Build configuration list for PBXNativeTarget "RTTI" */ = {
			isa = XCConfigurationList;
			buildConfigurations = (
				BE3EE669240D7DD900E19082 /* Debug */,
				BE3EE66A240D7DD900E19082 /* Release */,
			);
			defaultConfigurationIsVisible = 0;
			defaultConfigurationName = Release;
		};
/* End XCConfigurationList section */
	};
	rootObject = BE3EE659240D7DD900E19082 /* Project object */;
}
